
Microsoft Visual Studio Solution File, Format Version 12.00
# Visual Studio Version 16
VisualStudioVersion = 16.0.29009.5
MinimumVisualStudioVersion = 10.0.40219.1
Project("{FAE04EC0-301F-11D3-BF4B-00C04F79EFBC}") = "16_WPF_SimpleTextRedactor", "16_WPF_SimpleTextRedactor\16_WPF_SimpleTextRedactor.csproj", "{21C84DCD-F334-44FA-898E-8B4FDD9B9F4E}"
EndProject
Global
	GlobalSection(SolutionConfigurationPlatforms) = preSolution
		Debug|Any CPU = Debug|Any CPU
		Release|Any CPU = Release|Any CPU
	EndGlobalSection
	GlobalSection(ProjectConfigurationPlatforms) = postSolution
		{21C84DCD-F334-44FA-898E-8B4FDD9B9F4E}.Debug|Any CPU.ActiveCfg = Debug|Any CPU
		{21C84DCD-F334-44FA-898E-8B4FDD9B9F4E}.Debug|Any CPU.Build.0 = Debug|Any CPU
		{21C84DCD-F334-44FA-898E-8B4FDD9B9F4E}.Release|Any CPU.ActiveCfg = Release|Any CPU
		{21C84DCD-F334-44FA-898E-8B4FDD9B9F4E}.Release|Any CPU.Build.0 = Release|Any CPU
	EndGlobalSection
	GlobalSection(SolutionProperties) = preSolution
		HideSolutionNode = FALSE
	EndGlobalSection
	GlobalSection(ExtensibilityGlobals) = postSolution
		SolutionGuid = {98386441-4ECF-4B38-B95B-735D79D7AC84}
	EndGlobalSection
EndGlobal
